
Microsoft Visual Studio Solution File, Format Version 12.00
# Visual Studio Version 17
VisualStudioVersion = 17.11.35312.102
MinimumVisualStudioVersion = 10.0.40219.1
Project("{888888A0-9F3D-457C-B088-3A5042F75D52}") = "T0_B5_EJ3_NSS", "T0_B5_EJ3_NSS\T0_B5_EJ3_NSS.pyproj", "{C6FC5E7F-B6AC-406A-AEB6-7BF48C54AEFC}"
EndProject
Global
	GlobalSection(SolutionConfigurationPlatforms) = preSolution
		Debug|Any CPU = Debug|Any CPU
		Release|Any CPU = Release|Any CPU
	EndGlobalSection
	GlobalSection(ProjectConfigurationPlatforms) = postSolution
		{C6FC5E7F-B6AC-406A-AEB6-7BF48C54AEFC}.Debug|Any CPU.ActiveCfg = Debug|Any CPU
		{C6FC5E7F-B6AC-406A-AEB6-7BF48C54AEFC}.Release|Any CPU.ActiveCfg = Release|Any CPU
	EndGlobalSection
	GlobalSection(SolutionProperties) = preSolution
		HideSolutionNode = FALSE
	EndGlobalSection
	GlobalSection(ExtensibilityGlobals) = postSolution
		SolutionGuid = {6F7D8CF0-68F6-4493-8AFA-3EE8C0484BBE}
	EndGlobalSection
EndGlobal
