
Microsoft Visual Studio Solution File, Format Version 12.00
# Visual Studio Version 17
VisualStudioVersion = 17.11.35312.102
MinimumVisualStudioVersion = 10.0.40219.1
Project("{888888A0-9F3D-457C-B088-3A5042F75D52}") = "T0_B3_EJ2_NSS", "T0_B3_EJ2_NSS\T0_B3_EJ2_NSS.pyproj", "{333BD5B7-1C89-44E2-BA8E-A6316E0071BC}"
EndProject
Global
	GlobalSection(SolutionConfigurationPlatforms) = preSolution
		Debug|Any CPU = Debug|Any CPU
		Release|Any CPU = Release|Any CPU
	EndGlobalSection
	GlobalSection(ProjectConfigurationPlatforms) = postSolution
		{333BD5B7-1C89-44E2-BA8E-A6316E0071BC}.Debug|Any CPU.ActiveCfg = Debug|Any CPU
		{333BD5B7-1C89-44E2-BA8E-A6316E0071BC}.Release|Any CPU.ActiveCfg = Release|Any CPU
	EndGlobalSection
	GlobalSection(SolutionProperties) = preSolution
		HideSolutionNode = FALSE
	EndGlobalSection
	GlobalSection(ExtensibilityGlobals) = postSolution
		SolutionGuid = {2DC98149-7047-4DAB-95A1-E2876A9B2C52}
	EndGlobalSection
EndGlobal
