
Microsoft Visual Studio Solution File, Format Version 12.00
# Visual Studio Version 17
VisualStudioVersion = 17.11.35312.102
MinimumVisualStudioVersion = 10.0.40219.1
Project("{888888A0-9F3D-457C-B088-3A5042F75D52}") = "T0_B5_EJ2_NSS", "T0_B5_EJ2_NSS\T0_B5_EJ2_NSS.pyproj", "{D5681ECB-7B6C-4A82-AA53-A4217B76FDFD}"
EndProject
Global
	GlobalSection(SolutionConfigurationPlatforms) = preSolution
		Debug|Any CPU = Debug|Any CPU
		Release|Any CPU = Release|Any CPU
	EndGlobalSection
	GlobalSection(ProjectConfigurationPlatforms) = postSolution
		{D5681ECB-7B6C-4A82-AA53-A4217B76FDFD}.Debug|Any CPU.ActiveCfg = Debug|Any CPU
		{D5681ECB-7B6C-4A82-AA53-A4217B76FDFD}.Release|Any CPU.ActiveCfg = Release|Any CPU
	EndGlobalSection
	GlobalSection(SolutionProperties) = preSolution
		HideSolutionNode = FALSE
	EndGlobalSection
	GlobalSection(ExtensibilityGlobals) = postSolution
		SolutionGuid = {9740B375-CB06-4AEE-B489-6150623FBBF1}
	EndGlobalSection
EndGlobal
