
Microsoft Visual Studio Solution File, Format Version 12.00
# Visual Studio Version 17
VisualStudioVersion = 17.11.35312.102
MinimumVisualStudioVersion = 10.0.40219.1
Project("{888888A0-9F3D-457C-B088-3A5042F75D52}") = "T0_B1_EJ10_NSS", "T0_B1_EJ10_NSS\T0_B1_EJ10_NSS.pyproj", "{9A4335B9-E9C2-4508-B644-0ECA740D63C7}"
EndProject
Global
	GlobalSection(SolutionConfigurationPlatforms) = preSolution
		Debug|Any CPU = Debug|Any CPU
		Release|Any CPU = Release|Any CPU
	EndGlobalSection
	GlobalSection(ProjectConfigurationPlatforms) = postSolution
		{9A4335B9-E9C2-4508-B644-0ECA740D63C7}.Debug|Any CPU.ActiveCfg = Debug|Any CPU
		{9A4335B9-E9C2-4508-B644-0ECA740D63C7}.Release|Any CPU.ActiveCfg = Release|Any CPU
	EndGlobalSection
	GlobalSection(SolutionProperties) = preSolution
		HideSolutionNode = FALSE
	EndGlobalSection
	GlobalSection(ExtensibilityGlobals) = postSolution
		SolutionGuid = {F3F56F4C-48C1-46F9-AE29-14118AE30DCB}
	EndGlobalSection
EndGlobal
