
Microsoft Visual Studio Solution File, Format Version 12.00
# Visual Studio Version 17
VisualStudioVersion = 17.11.35312.102
MinimumVisualStudioVersion = 10.0.40219.1
Project("{888888A0-9F3D-457C-B088-3A5042F75D52}") = "Flask", "Flask\Flask.pyproj", "{19E65DEC-9142-4AE4-A738-CD7A48F5AFD2}"
EndProject
Global
	GlobalSection(SolutionConfigurationPlatforms) = preSolution
		Debug|Any CPU = Debug|Any CPU
		Release|Any CPU = Release|Any CPU
	EndGlobalSection
	GlobalSection(ProjectConfigurationPlatforms) = postSolution
		{19E65DEC-9142-4AE4-A738-CD7A48F5AFD2}.Debug|Any CPU.ActiveCfg = Debug|Any CPU
		{19E65DEC-9142-4AE4-A738-CD7A48F5AFD2}.Release|Any CPU.ActiveCfg = Release|Any CPU
	EndGlobalSection
	GlobalSection(SolutionProperties) = preSolution
		HideSolutionNode = FALSE
	EndGlobalSection
	GlobalSection(ExtensibilityGlobals) = postSolution
		SolutionGuid = {5D8E232F-9157-40D1-8D71-47927CE4E5A2}
	EndGlobalSection
EndGlobal
