
Microsoft Visual Studio Solution File, Format Version 12.00
# Visual Studio Version 17
VisualStudioVersion = 17.11.35312.102
MinimumVisualStudioVersion = 10.0.40219.1
Project("{888888A0-9F3D-457C-B088-3A5042F75D52}") = "T0_B1_EJ3_NSS", "T0_B1_EJ3_NSS\T0_B1_EJ3_NSS.pyproj", "{45150B58-58C8-4013-86C1-0159D3E85043}"
EndProject
Global
	GlobalSection(SolutionConfigurationPlatforms) = preSolution
		Debug|Any CPU = Debug|Any CPU
		Release|Any CPU = Release|Any CPU
	EndGlobalSection
	GlobalSection(ProjectConfigurationPlatforms) = postSolution
		{45150B58-58C8-4013-86C1-0159D3E85043}.Debug|Any CPU.ActiveCfg = Debug|Any CPU
		{45150B58-58C8-4013-86C1-0159D3E85043}.Release|Any CPU.ActiveCfg = Release|Any CPU
	EndGlobalSection
	GlobalSection(SolutionProperties) = preSolution
		HideSolutionNode = FALSE
	EndGlobalSection
	GlobalSection(ExtensibilityGlobals) = postSolution
		SolutionGuid = {B322E387-C10E-40F3-8719-1D81CE648DB8}
	EndGlobalSection
EndGlobal
