
Microsoft Visual Studio Solution File, Format Version 12.00
# Visual Studio Version 17
VisualStudioVersion = 17.11.35312.102
MinimumVisualStudioVersion = 10.0.40219.1
Project("{888888A0-9F3D-457C-B088-3A5042F75D52}") = "T0_B5_EJ4_NSS", "T0_B5_EJ4_NSS\T0_B5_EJ4_NSS.pyproj", "{51DF389C-8B20-4473-BB10-75A7B432BDBC}"
EndProject
Global
	GlobalSection(SolutionConfigurationPlatforms) = preSolution
		Debug|Any CPU = Debug|Any CPU
		Release|Any CPU = Release|Any CPU
	EndGlobalSection
	GlobalSection(ProjectConfigurationPlatforms) = postSolution
		{51DF389C-8B20-4473-BB10-75A7B432BDBC}.Debug|Any CPU.ActiveCfg = Debug|Any CPU
		{51DF389C-8B20-4473-BB10-75A7B432BDBC}.Release|Any CPU.ActiveCfg = Release|Any CPU
	EndGlobalSection
	GlobalSection(SolutionProperties) = preSolution
		HideSolutionNode = FALSE
	EndGlobalSection
	GlobalSection(ExtensibilityGlobals) = postSolution
		SolutionGuid = {D809911C-FE1A-4919-AF47-89CA6370DF2C}
	EndGlobalSection
EndGlobal
