
Microsoft Visual Studio Solution File, Format Version 12.00
# Visual Studio Version 17
VisualStudioVersion = 17.11.35312.102
MinimumVisualStudioVersion = 10.0.40219.1
Project("{888888A0-9F3D-457C-B088-3A5042F75D52}") = "T0_B1_EJ1_OG", "T0_B1_EJ1_OG\T0_B1_EJ1_OG.pyproj", "{8211A402-0174-4613-98BD-DE38A31DF50E}"
EndProject
Global
	GlobalSection(SolutionConfigurationPlatforms) = preSolution
		Debug|Any CPU = Debug|Any CPU
		Release|Any CPU = Release|Any CPU
	EndGlobalSection
	GlobalSection(ProjectConfigurationPlatforms) = postSolution
		{8211A402-0174-4613-98BD-DE38A31DF50E}.Debug|Any CPU.ActiveCfg = Debug|Any CPU
		{8211A402-0174-4613-98BD-DE38A31DF50E}.Release|Any CPU.ActiveCfg = Release|Any CPU
	EndGlobalSection
	GlobalSection(SolutionProperties) = preSolution
		HideSolutionNode = FALSE
	EndGlobalSection
	GlobalSection(ExtensibilityGlobals) = postSolution
		SolutionGuid = {17C59A10-542D-4E42-9649-B0A427617042}
	EndGlobalSection
EndGlobal
