
Microsoft Visual Studio Solution File, Format Version 12.00
# Visual Studio Version 17
VisualStudioVersion = 17.11.35312.102
MinimumVisualStudioVersion = 10.0.40219.1
Project("{888888A0-9F3D-457C-B088-3A5042F75D52}") = "Inss2", "Inss2\Inss2.pyproj", "{CB62C4AD-4F0C-465E-9598-81C199FA36CB}"
EndProject
Global
	GlobalSection(SolutionConfigurationPlatforms) = preSolution
		Debug|Any CPU = Debug|Any CPU
		Release|Any CPU = Release|Any CPU
	EndGlobalSection
	GlobalSection(ProjectConfigurationPlatforms) = postSolution
		{CB62C4AD-4F0C-465E-9598-81C199FA36CB}.Debug|Any CPU.ActiveCfg = Debug|Any CPU
		{CB62C4AD-4F0C-465E-9598-81C199FA36CB}.Release|Any CPU.ActiveCfg = Release|Any CPU
	EndGlobalSection
	GlobalSection(SolutionProperties) = preSolution
		HideSolutionNode = FALSE
	EndGlobalSection
	GlobalSection(ExtensibilityGlobals) = postSolution
		SolutionGuid = {43FEA02B-260F-4278-AAD4-AF5C28D920C5}
	EndGlobalSection
EndGlobal
