
Microsoft Visual Studio Solution File, Format Version 12.00
# Visual Studio Version 17
VisualStudioVersion = 17.11.35312.102
MinimumVisualStudioVersion = 10.0.40219.1
Project("{888888A0-9F3D-457C-B088-3A5042F75D52}") = "Inss", "Inss\Inss.pyproj", "{AFDE8012-B083-4828-976E-0AA6F6F22BD2}"
EndProject
Global
	GlobalSection(SolutionConfigurationPlatforms) = preSolution
		Debug|Any CPU = Debug|Any CPU
		Release|Any CPU = Release|Any CPU
	EndGlobalSection
	GlobalSection(ProjectConfigurationPlatforms) = postSolution
		{AFDE8012-B083-4828-976E-0AA6F6F22BD2}.Debug|Any CPU.ActiveCfg = Debug|Any CPU
		{AFDE8012-B083-4828-976E-0AA6F6F22BD2}.Release|Any CPU.ActiveCfg = Release|Any CPU
	EndGlobalSection
	GlobalSection(SolutionProperties) = preSolution
		HideSolutionNode = FALSE
	EndGlobalSection
	GlobalSection(ExtensibilityGlobals) = postSolution
		SolutionGuid = {85902C4B-087D-40E1-95D6-35481013DA90}
	EndGlobalSection
EndGlobal
