
Microsoft Visual Studio Solution File, Format Version 12.00
# Visual Studio Version 17
VisualStudioVersion = 17.11.35312.102
MinimumVisualStudioVersion = 10.0.40219.1
Project("{888888A0-9F3D-457C-B088-3A5042F75D52}") = "T0_B1_EJ6_NSS", "T0_B1_EJ6_NSS\T0_B1_EJ6_NSS.pyproj", "{1F447043-A6DF-4D2D-B206-2E5EF6CF0ACB}"
EndProject
Global
	GlobalSection(SolutionConfigurationPlatforms) = preSolution
		Debug|Any CPU = Debug|Any CPU
		Release|Any CPU = Release|Any CPU
	EndGlobalSection
	GlobalSection(ProjectConfigurationPlatforms) = postSolution
		{1F447043-A6DF-4D2D-B206-2E5EF6CF0ACB}.Debug|Any CPU.ActiveCfg = Debug|Any CPU
		{1F447043-A6DF-4D2D-B206-2E5EF6CF0ACB}.Release|Any CPU.ActiveCfg = Release|Any CPU
	EndGlobalSection
	GlobalSection(SolutionProperties) = preSolution
		HideSolutionNode = FALSE
	EndGlobalSection
	GlobalSection(ExtensibilityGlobals) = postSolution
		SolutionGuid = {E73B8631-219B-4E70-BDF8-B596D8F54FD9}
	EndGlobalSection
EndGlobal
