
Microsoft Visual Studio Solution File, Format Version 12.00
# Visual Studio Version 17
VisualStudioVersion = 17.11.35312.102
MinimumVisualStudioVersion = 10.0.40219.1
Project("{888888A0-9F3D-457C-B088-3A5042F75D52}") = "T0_B4_EJ1_NSS", "T0_B4_EJ1_NSS\T0_B4_EJ1_NSS.pyproj", "{7EC59DF6-D943-4184-BCDC-D24FF75EFF05}"
EndProject
Global
	GlobalSection(SolutionConfigurationPlatforms) = preSolution
		Debug|Any CPU = Debug|Any CPU
		Release|Any CPU = Release|Any CPU
	EndGlobalSection
	GlobalSection(ProjectConfigurationPlatforms) = postSolution
		{7EC59DF6-D943-4184-BCDC-D24FF75EFF05}.Debug|Any CPU.ActiveCfg = Debug|Any CPU
		{7EC59DF6-D943-4184-BCDC-D24FF75EFF05}.Release|Any CPU.ActiveCfg = Release|Any CPU
	EndGlobalSection
	GlobalSection(SolutionProperties) = preSolution
		HideSolutionNode = FALSE
	EndGlobalSection
	GlobalSection(ExtensibilityGlobals) = postSolution
		SolutionGuid = {AC581A40-7C68-47F2-88A3-FD4665209C81}
	EndGlobalSection
EndGlobal
